
Microsoft Visual Studio Solution File, Format Version 12.00
# Visual Studio Version 16
VisualStudioVersion = 16.0.32106.194
MinimumVisualStudioVersion = 10.0.40219.1
Project("{FAE04EC0-301F-11D3-BF4B-00C04F79EFBC}") = "Cinema", "Cinema\Cinema.csproj", "{522A89F6-2A7B-431A-A422-A3ED1D528E58}"
EndProject
Global
	GlobalSection(SolutionConfigurationPlatforms) = preSolution
		Debug|Any CPU = Debug|Any CPU
		Release|Any CPU = Release|Any CPU
	EndGlobalSection
	GlobalSection(ProjectConfigurationPlatforms) = postSolution
		{522A89F6-2A7B-431A-A422-A3ED1D528E58}.Debug|Any CPU.ActiveCfg = Debug|Any CPU
		{522A89F6-2A7B-431A-A422-A3ED1D528E58}.Debug|Any CPU.Build.0 = Debug|Any CPU
		{522A89F6-2A7B-431A-A422-A3ED1D528E58}.Release|Any CPU.ActiveCfg = Release|Any CPU
		{522A89F6-2A7B-431A-A422-A3ED1D528E58}.Release|Any CPU.Build.0 = Release|Any CPU
	EndGlobalSection
	GlobalSection(SolutionProperties) = preSolution
		HideSolutionNode = FALSE
	EndGlobalSection
	GlobalSection(ExtensibilityGlobals) = postSolution
		SolutionGuid = {B9566BCD-AD99-4BAF-AD63-D67DDA54FC49}
	EndGlobalSection
EndGlobal
